dependencies:
- name: victoria-metrics-common
  repository: https://victoriametrics.github.io/helm-charts
  version: 0.0.42
- name: victoria-metrics-operator
  repository: https://victoriametrics.github.io/helm-charts
  version: 0.49.1
- name: kube-state-metrics
  repository: https://prometheus-community.github.io/helm-charts
  version: 5.31.2
- name: prometheus-node-exporter
  repository: https://prometheus-community.github.io/helm-charts
  version: 4.45.3
- name: grafana
  repository: https://grafana.github.io/helm-charts
  version: 9.2.2
digest: sha256:8d8546b20f7e6343eac5f197544def0b4e4a3eef333ba6f67721c71c963c0394
generated: "2025-06-05T22:36:19.027323+03:00"
